
Microsoft Visual Studio Solution File, Format Version 12.00
Project("{FAE04EC0-301F-11D3-BF4B-00C04F79EFBC}") = "MockGateway.WebAPI", "MockGateway.WebAPI\MockGateway.WebAPI.csproj", "{94DD1CA6-1EF5-4AB0-AEAC-FEF0727019AE}"
EndProject
Project("{FAE04EC0-301F-11D3-BF4B-00C04F79EFBC}") = "MockGateway.Domain", "MockGateway.Domain\MockGateway.Domain.csproj", "{10706ECA-FD08-40FD-906A-2C53D8212869}"
EndProject
Project("{FAE04EC0-301F-11D3-BF4B-00C04F79EFBC}") = "MockGateway.Application", "MockGateway.Application\MockGateway.Application.csproj", "{1E85F89D-50BD-461E-900F-ADDECAEC6B24}"
EndProject
Project("{FAE04EC0-301F-11D3-BF4B-00C04F79EFBC}") = "MockGateway.Infrastructure", "MockGateway.Infrastructure\MockGateway.Infrastructure.csproj", "{356D9821-8438-43FF-9DBD-3EFE4E1DA46D}"
EndProject
Global
	GlobalSection(SolutionConfigurationPlatforms) = preSolution
		Debug|Any CPU = Debug|Any CPU
		Release|Any CPU = Release|Any CPU
	EndGlobalSection
	GlobalSection(ProjectConfigurationPlatforms) = postSolution
		{94DD1CA6-1EF5-4AB0-AEAC-FEF0727019AE}.Debug|Any CPU.ActiveCfg = Debug|Any CPU
		{94DD1CA6-1EF5-4AB0-AEAC-FEF0727019AE}.Debug|Any CPU.Build.0 = Debug|Any CPU
		{94DD1CA6-1EF5-4AB0-AEAC-FEF0727019AE}.Release|Any CPU.ActiveCfg = Release|Any CPU
		{94DD1CA6-1EF5-4AB0-AEAC-FEF0727019AE}.Release|Any CPU.Build.0 = Release|Any CPU
		{10706ECA-FD08-40FD-906A-2C53D8212869}.Debug|Any CPU.ActiveCfg = Debug|Any CPU
		{10706ECA-FD08-40FD-906A-2C53D8212869}.Debug|Any CPU.Build.0 = Debug|Any CPU
		{10706ECA-FD08-40FD-906A-2C53D8212869}.Release|Any CPU.ActiveCfg = Release|Any CPU
		{10706ECA-FD08-40FD-906A-2C53D8212869}.Release|Any CPU.Build.0 = Release|Any CPU
		{1E85F89D-50BD-461E-900F-ADDECAEC6B24}.Debug|Any CPU.ActiveCfg = Debug|Any CPU
		{1E85F89D-50BD-461E-900F-ADDECAEC6B24}.Debug|Any CPU.Build.0 = Debug|Any CPU
		{1E85F89D-50BD-461E-900F-ADDECAEC6B24}.Release|Any CPU.ActiveCfg = Release|Any CPU
		{1E85F89D-50BD-461E-900F-ADDECAEC6B24}.Release|Any CPU.Build.0 = Release|Any CPU
		{356D9821-8438-43FF-9DBD-3EFE4E1DA46D}.Debug|Any CPU.ActiveCfg = Debug|Any CPU
		{356D9821-8438-43FF-9DBD-3EFE4E1DA46D}.Debug|Any CPU.Build.0 = Debug|Any CPU
		{356D9821-8438-43FF-9DBD-3EFE4E1DA46D}.Release|Any CPU.ActiveCfg = Release|Any CPU
		{356D9821-8438-43FF-9DBD-3EFE4E1DA46D}.Release|Any CPU.Build.0 = Release|Any CPU
	EndGlobalSection
EndGlobal
